
Microsoft Visual Studio Solution File, Format Version 12.00
# Visual Studio Version 17
VisualStudioVersion = 17.6.33829.357
MinimumVisualStudioVersion = 10.0.40219.1
Project("{FAE04EC0-301F-11D3-BF4B-00C04F79EFBC}") = "FlappyBirdTP3", "FlappyBirdTP3.csproj", "{79CF3FE8-F221-46B6-A092-50A3EAB53890}"
EndProject
Global
	GlobalSection(SolutionConfigurationPlatforms) = preSolution
		Debug|Any CPU = Debug|Any CPU
		Release|Any CPU = Release|Any CPU
	EndGlobalSection
	GlobalSection(ProjectConfigurationPlatforms) = postSolution
		{79CF3FE8-F221-46B6-A092-50A3EAB53890}.Debug|Any CPU.ActiveCfg = Debug|Any CPU
		{79CF3FE8-F221-46B6-A092-50A3EAB53890}.Debug|Any CPU.Build.0 = Debug|Any CPU
		{79CF3FE8-F221-46B6-A092-50A3EAB53890}.Release|Any CPU.ActiveCfg = Release|Any CPU
		{79CF3FE8-F221-46B6-A092-50A3EAB53890}.Release|Any CPU.Build.0 = Release|Any CPU
	EndGlobalSection
	GlobalSection(SolutionProperties) = preSolution
		HideSolutionNode = FALSE
	EndGlobalSection
	GlobalSection(ExtensibilityGlobals) = postSolution
		SolutionGuid = {1BE7C943-5145-4286-A4A6-22F649FF51F9}
	EndGlobalSection
EndGlobal
